
Microsoft Visual Studio Solution File, Format Version 12.00
# Visual Studio Version 17
VisualStudioVersion = 17.2.32516.85
MinimumVisualStudioVersion = 10.0.40219.1
Project("{FAE04EC0-301F-11D3-BF4B-00C04F79EFBC}") = "iText7Example", "iText7Example\iText7Example.csproj", "{79FE1D79-A799-4E16-9F35-9370664F09E5}"
EndProject
Global
	GlobalSection(SolutionConfigurationPlatforms) = preSolution
		Debug|Any CPU = Debug|Any CPU
		Release|Any CPU = Release|Any CPU
	EndGlobalSection
	GlobalSection(ProjectConfigurationPlatforms) = postSolution
		{79FE1D79-A799-4E16-9F35-9370664F09E5}.Debug|Any CPU.ActiveCfg = Debug|Any CPU
		{79FE1D79-A799-4E16-9F35-9370664F09E5}.Debug|Any CPU.Build.0 = Debug|Any CPU
		{79FE1D79-A799-4E16-9F35-9370664F09E5}.Release|Any CPU.ActiveCfg = Release|Any CPU
		{79FE1D79-A799-4E16-9F35-9370664F09E5}.Release|Any CPU.Build.0 = Release|Any CPU
	EndGlobalSection
	GlobalSection(SolutionProperties) = preSolution
		HideSolutionNode = FALSE
	EndGlobalSection
	GlobalSection(ExtensibilityGlobals) = postSolution
		SolutionGuid = {48B8E9AF-FF03-456F-A6C5-E734716C5086}
	EndGlobalSection
EndGlobal
